
Microsoft Visual Studio Solution File, Format Version 12.00
# Visual Studio Version 17
VisualStudioVersion = 17.9.34902.65
MinimumVisualStudioVersion = 10.0.40219.1
Project("{8BC9CEB8-8B4A-11D0-8D11-00A0C91BC942}") = "StealthInstaller", "StealthInstaller.vcxproj", "{00DC230C-50F1-4099-AB78-C284352AAF2F}"
EndProject
Global
	GlobalSection(SolutionConfigurationPlatforms) = preSolution
		Debug|x64 = Debug|x64
		Debug|x86 = Debug|x86
		Release|x64 = Release|x64
		Release|x86 = Release|x86
	EndGlobalSection
	GlobalSection(ProjectConfigurationPlatforms) = postSolution
		{00DC230C-50F1-4099-AB78-C284352AAF2F}.Debug|x64.ActiveCfg = Debug|x64
		{00DC230C-50F1-4099-AB78-C284352AAF2F}.Debug|x64.Build.0 = Debug|x64
		{00DC230C-50F1-4099-AB78-C284352AAF2F}.Debug|x86.ActiveCfg = Debug|Win32
		{00DC230C-50F1-4099-AB78-C284352AAF2F}.Debug|x86.Build.0 = Debug|Win32
		{00DC230C-50F1-4099-AB78-C284352AAF2F}.Release|x64.ActiveCfg = Release|x64
		{00DC230C-50F1-4099-AB78-C284352AAF2F}.Release|x64.Build.0 = Release|x64
		{00DC230C-50F1-4099-AB78-C284352AAF2F}.Release|x86.ActiveCfg = Release|Win32
		{00DC230C-50F1-4099-AB78-C284352AAF2F}.Release|x86.Build.0 = Release|Win32
	EndGlobalSection
	GlobalSection(SolutionProperties) = preSolution
		HideSolutionNode = FALSE
	EndGlobalSection
	GlobalSection(ExtensibilityGlobals) = postSolution
		SolutionGuid = {7DD1D3FA-D3C2-44F9-832B-2630199116A3}
	EndGlobalSection
EndGlobal
